{
  "name": "trigger",
  "version": "1.0.0",
  "lockfileVersion": 3,
  "requires": true,
  "packages": {
    "": {
      "name": "trigger",
      "version": "1.0.0",
      "license": "ISC",
      "dependencies": {
        "pyright": "^1.0.17"
      }
    },
    "node_modules/pyright": {
      "version": "1.0.17",
      "resolved": "https://registry.npmjs.org/pyright/-/pyright-1.0.17.tgz",
      "integrity": "sha512-7cYXEYQFXxC0tI6Ft22qYWsYATtOHfTrNRuQ5ZT14tgQzyrYIMATMQa+h1+7bgHappWBi1/cwxUN8Qz/975mCA==",
      "bin": {
        "pyright": "index.js"
      }
    }
  }
}
