{
  "name": "trigger",
  "version": "1.0.0",
  "lockfileVersion": 1,
  "requires": true,
  "dependencies": {
    "pyright": {
      "version": "1.0.17",
      "resolved": "https://registry.npmjs.org/pyright/-/pyright-1.0.17.tgz",
      "integrity": "sha512-7cYXEYQFXxC0tI6Ft22qYWsYATtOHfTrNRuQ5ZT14tgQzyrYIMATMQa+h1+7bgHappWBi1/cwxUN8Qz/975mCA=="
    }
  }
}
