{
    "_meta": {
        "hash": {
            "sha256": "31750a553aa1e323f3df764885cfd03ff99d7bb97db79531e93fa057ca8aa6ac"
        },
        "pipfile-spec": 6,
        "requires": {},
        "sources": [
            {
                "name": "pypi",
                "url": "https://pypi.org/simple",
                "verify_ssl": true
            }
        ]
    },
    "default": {
        "certifi": {
            "hashes": [
                "sha256:35824b4c3a97115964b408844d64aa14db1cc518f6562e8d7261699d1350a9e3",
                "sha256:4ad3232f5e926d6718ec31cfc1fcadfde020920e278684144551c91769c7bc18"
            ],
            "index": "pypi",
            "version": "==2022.12.7"
        },
        "charset-normalizer": {
            "hashes": [
                "sha256:5a3d016c7c547f69d6f81fb0db9449ce888b418b5b9952cc5e6e66843e9dd845",
                "sha256:83e9a75d1911279afd89352c68b45348559d1fc0506b054b346651b5e7fee29f"
            ],
            "markers": "python_version >= '3.6'",
            "version": "==2.1.1"
        },
        "dj-database-url": {
            "hashes": [
                "sha256:4aeaeb1f573c74835b0686a2b46b85990571159ffc21aa57ecd4d1e1cb334163",
                "sha256:851785365761ebe4994a921b433062309eb882fedd318e1b0fcecc607ed02da9"
            ],
            "index": "pypi",
            "version": "==0.5.0"
        },
        "django": {
            "hashes": [
                "sha256:84f370f6acedbe1f3c41e1a02de44ac206efda3355e427139ecb785b5f596d80",
                "sha256:e8fe3c2b2212dce6126becab7a693157f1a441a07b62ec994c046c76af5bb66d"
            ],
            "index": "pypi",
            "version": "==2.2.13"
        },
        "gunicorn": {
            "hashes": [
                "sha256:aa8e0b40b4157b36a5df5e599f45c9c76d6af43845ba3b3b0efe2c70473c2471",
                "sha256:fa2662097c66f920f53f70621c6c58ca4a3c4d3434205e608e121b5b3b71f4f3"
            ],
            "index": "pypi",
            "version": "==19.9.0"
        },
        "idna": {
            "hashes": [
                "sha256:814f528e8dead7d329833b91c5faa87d60bf71824cd12a7530b5526063d02cb4",
                "sha256:90b77e79eaa3eba6de819a0c442c0b4ceefc341a7a2ab77d7562bf49f425c5c2"
            ],
            "markers": "python_version >= '3.5'",
            "version": "==3.4"
        },
        "pushbullet-py": {
            "hashes": [
                "sha256:784e4b1549e1312ed55c44ff9b8f7502987a5609f6d2511c1f4900c5b451ac19",
                "sha256:aa9dc7bb46e083e3497d46241154f12944a8f540e29d150330ca94db0b453b8d"
            ],
            "index": "pypi",
            "version": "==0.11.0"
        },
        "python-magic": {
            "hashes": [
                "sha256:c1ba14b08e4a5f5c31a302b7721239695b2f0f058d125bd5ce1ee36b9d9d3c3b",
                "sha256:c212960ad306f700aa0d01e5d7a325d20548ff97eb9920dcd29513174f0294d3"
            ],
            "markers": "python_version >= '2.7' and python_version not in '3.0, 3.1, 3.2, 3.3, 3.4'",
            "version": "==0.4.27"
        },
        "pytz": {
            "hashes": [
                "sha256:222439474e9c98fced559f1709d89e6c9cbf8d79c794ff3eb9f8800064291427",
                "sha256:e89512406b793ca39f5971bc999cc538ce125c0e51c27941bef4568b460095e2"
            ],
            "version": "==2022.6"
        },
        "requests": {
            "hashes": [
                "sha256:7c5599b102feddaa661c826c56ab4fee28bfd17f5abca1ebbe3e7f19d7c97983",
                "sha256:8fefa2a1a1365bf5520aac41836fbee479da67864514bdb821f31ce07ce65349"
            ],
            "markers": "python_version >= '3.7' and python_version < '4'",
            "version": "==2.28.1"
        },
        "sqlparse": {
            "hashes": [
                "sha256:0323c0ec29cd52bceabc1b4d9d579e311f3e4961b98d174201d5622a23b85e34",
                "sha256:69ca804846bb114d2ec380e4360a8a340db83f0ccf3afceeb1404df028f57268"
            ],
            "markers": "python_version >= '3.5'",
            "version": "==0.4.3"
        },
        "toml": {
            "hashes": [
                "sha256:229f81c57791a41d65e399fc06bf0848bab550a9dfd5ed66df18ce5f05e73d5c",
                "sha256:235682dd292d5899d361a811df37e04a8828a5b1da3115886b73cf81ebc9100e",
                "sha256:f1db651f9657708513243e61e6cc67d101a39bad662eaa9b5546f789338e07a3"
            ],
            "index": "pypi",
            "version": "==0.10.0"
        },
        "urllib3": {
            "hashes": [
                "sha256:47cc05d99aaa09c9e72ed5809b60e7ba354e64b59c9c173ac3018642d8bb41fc",
                "sha256:c083dd0dce68dbfbe1129d5271cb90f9447dea7d52097c6e0126120c521ddea8"
            ],
            "markers": "python_version >= '2.7' and python_version not in '3.0, 3.1, 3.2, 3.3, 3.4, 3.5'",
            "version": "==1.26.13"
        },
        "websocket-client": {
            "hashes": [
                "sha256:d6b06432f184438d99ac1f456eaf22fe1ade524c3dd16e661142dc54e9cba574",
                "sha256:d6e8f90ca8e2dd4e8027c4561adeb9456b54044312dba655e7cae652ceb9ae59"
            ],
            "markers": "python_version >= '3.7'",
            "version": "==1.4.2"
        }
    },
    "develop": {
        "appdirs": {
            "hashes": [
                "sha256:7d5d0167b2b1ba821647616af46a749d1c653740dd0d2415100fe26e27afdf41",
                "sha256:a841dacd6b99318a741b166adb07e19ee71a274450e68237b4650ca1055ab128"
            ],
            "version": "==1.4.4"
        },
        "attrs": {
            "hashes": [
                "sha256:29adc2665447e5191d0e7c568fde78b21f9672d344281d0c6e1ab085429b22b6",
                "sha256:86efa402f67bf2df34f51a335487cf46b1ec130d02b8d39fd248abfd30da551c"
            ],
            "markers": "python_version >= '3.5'",
            "version": "==22.1.0"
        },
        "backcall": {
            "hashes": [
                "sha256:5cbdbf27be5e7cfadb448baf0aa95508f91f2bbc6c6437cd9cd06e2a4c215e1e",
                "sha256:fbbce6a29f263178a1f7915c1940bde0ec2b2a967566fe1c65c1dfb7422bd255"
            ],
            "version": "==0.2.0"
        },
        "black": {
            "hashes": [
                "sha256:09a9dcb7c46ed496a9850b76e4e825d6049ecd38b611f1224857a79bd985a8cf",
                "sha256:68950ffd4d9169716bcb8719a56c07a2f4485354fec061cdd5910aa07369731c"
            ],
            "index": "pypi",
            "version": "==19.3b0"
        },
        "click": {
            "hashes": [
                "sha256:7682dc8afb30297001674575ea00d1814d808d6a36af415a82bd481d37ba7b8e",
                "sha256:bb4d8133cb15a609f44e8213d9b391b0809795062913b383c62be0ee95b1db48"
            ],
            "markers": "python_version >= '3.7'",
            "version": "==8.1.3"
        },
        "click-log": {
            "hashes": [
                "sha256:3970f8570ac54491237bcdb3d8ab5e3eef6c057df29f8c3d1151a51a9c23b975",
                "sha256:a43e394b528d52112af599f2fc9e4b7cf3c15f94e53581f74fa6867e68c91756"
            ],
            "version": "==0.4.0"
        },
        "decorator": {
            "hashes": [
                "sha256:637996211036b6385ef91435e4fae22989472f9d571faba8927ba8253acbc330",
                "sha256:b8c3f85900b9dc423225913c5aace94729fe1fa9763b38939a95226f02d37186"
            ],
            "markers": "python_version >= '3.5'",
            "version": "==5.1.1"
        },
        "greenlet": {
            "hashes": [
                "sha256:0109af1138afbfb8ae647e31a2b1ab030f58b21dd8528c27beaeb0093b7938a9",
                "sha256:0459d94f73265744fee4c2d5ec44c6f34aa8a31017e6e9de770f7bcf29710be9",
                "sha256:04957dc96669be041e0c260964cfef4c77287f07c40452e61abe19d647505581",
                "sha256:0722c9be0797f544a3ed212569ca3fe3d9d1a1b13942d10dd6f0e8601e484d26",
                "sha256:097e3dae69321e9100202fc62977f687454cd0ea147d0fd5a766e57450c569fd",
                "sha256:0b493db84d124805865adc587532ebad30efa68f79ad68f11b336e0a51ec86c2",
                "sha256:13ba6e8e326e2116c954074c994da14954982ba2795aebb881c07ac5d093a58a",
                "sha256:13ebf93c343dd8bd010cd98e617cb4c1c1f352a0cf2524c82d3814154116aa82",
                "sha256:1407fe45246632d0ffb7a3f4a520ba4e6051fc2cbd61ba1f806900c27f47706a",
                "sha256:1bf633a50cc93ed17e494015897361010fc08700d92676c87931d3ea464123ce",
                "sha256:2d0bac0385d2b43a7bd1d651621a4e0f1380abc63d6fb1012213a401cbd5bf8f",
                "sha256:3001d00eba6bbf084ae60ec7f4bb8ed375748f53aeaefaf2a37d9f0370558524",
                "sha256:356e4519d4dfa766d50ecc498544b44c0249b6de66426041d7f8b751de4d6b48",
                "sha256:38255a3f1e8942573b067510f9611fc9e38196077b0c8eb7a8c795e105f9ce77",
                "sha256:3d75b8d013086b08e801fbbb896f7d5c9e6ccd44f13a9241d2bf7c0df9eda928",
                "sha256:41b825d65f31e394b523c84db84f9383a2f7eefc13d987f308f4663794d2687e",
                "sha256:42e602564460da0e8ee67cb6d7236363ee5e131aa15943b6670e44e5c2ed0f67",
                "sha256:4aeaebcd91d9fee9aa768c1b39cb12214b30bf36d2b7370505a9f2165fedd8d9",
                "sha256:4c8b1c43e75c42a6cafcc71defa9e01ead39ae80bd733a2608b297412beede68",
                "sha256:4d37990425b4687ade27810e3b1a1c37825d242ebc275066cfee8cb6b8829ccd",
                "sha256:4f09b0010e55bec3239278f642a8a506b91034f03a4fb28289a7d448a67f1515",
                "sha256:505138d4fa69462447a562a7c2ef723c6025ba12ac04478bc1ce2fcc279a2db5",
                "sha256:5067920de254f1a2dee8d3d9d7e4e03718e8fd2d2d9db962c8c9fa781ae82a39",
                "sha256:56961cfca7da2fdd178f95ca407fa330c64f33289e1804b592a77d5593d9bd94",
                "sha256:5a8e05057fab2a365c81abc696cb753da7549d20266e8511eb6c9d9f72fe3e92",
                "sha256:659f167f419a4609bc0516fb18ea69ed39dbb25594934bd2dd4d0401660e8a1e",
                "sha256:662e8f7cad915ba75d8017b3e601afc01ef20deeeabf281bd00369de196d7726",
                "sha256:6f61d71bbc9b4a3de768371b210d906726535d6ca43506737682caa754b956cd",
                "sha256:72b00a8e7c25dcea5946692a2485b1a0c0661ed93ecfedfa9b6687bd89a24ef5",
                "sha256:811e1d37d60b47cb8126e0a929b58c046251f28117cb16fcd371eed61f66b764",
                "sha256:81b0ea3715bf6a848d6f7149d25bf018fd24554a4be01fcbbe3fdc78e890b955",
                "sha256:88c8d517e78acdf7df8a2134a3c4b964415b575d2840a2746ddb1cc6175f8608",
                "sha256:8dca09dedf1bd8684767bc736cc20c97c29bc0c04c413e3276e0962cd7aeb148",
                "sha256:974a39bdb8c90a85982cdb78a103a32e0b1be986d411303064b28a80611f6e51",
                "sha256:9e112e03d37987d7b90c1e98ba5e1b59e1645226d78d73282f45b326f7bddcb9",
                "sha256:9e9744c657d896c7b580455e739899e492a4a452e2dd4d2b3e459f6b244a638d",
                "sha256:9ed358312e63bf683b9ef22c8e442ef6c5c02973f0c2a939ec1d7b50c974015c",
                "sha256:9f2c221eecb7ead00b8e3ddb913c67f75cba078fd1d326053225a3f59d850d72",
                "sha256:a20d33124935d27b80e6fdacbd34205732660e0a1d35d8b10b3328179a2b51a1",
                "sha256:a4c0757db9bd08470ff8277791795e70d0bf035a011a528ee9a5ce9454b6cba2",
                "sha256:afe07421c969e259e9403c3bb658968702bc3b78ec0b6fde3ae1e73440529c23",
                "sha256:b1992ba9d4780d9af9726bbcef6a1db12d9ab1ccc35e5773685a24b7fb2758eb",
                "sha256:b23d2a46d53210b498e5b701a1913697671988f4bf8e10f935433f6e7c332fb6",
                "sha256:b5e83e4de81dcc9425598d9469a624826a0b1211380ac444c7c791d4a2137c19",
                "sha256:be35822f35f99dcc48152c9839d0171a06186f2d71ef76dc57fa556cc9bf6b45",
                "sha256:be9e0fb2ada7e5124f5282d6381903183ecc73ea019568d6d63d33f25b2a9000",
                "sha256:c140e7eb5ce47249668056edf3b7e9900c6a2e22fb0eaf0513f18a1b2c14e1da",
                "sha256:c6a08799e9e88052221adca55741bf106ec7ea0710bca635c208b751f0d5b617",
                "sha256:cb242fc2cda5a307a7698c93173d3627a2a90d00507bccf5bc228851e8304963",
                "sha256:cce1e90dd302f45716a7715517c6aa0468af0bf38e814ad4eab58e88fc09f7f7",
                "sha256:cd4ccc364cf75d1422e66e247e52a93da6a9b73cefa8cad696f3cbbb75af179d",
                "sha256:d21681f09e297a5adaa73060737e3aa1279a13ecdcfcc6ef66c292cb25125b2d",
                "sha256:d38ffd0e81ba8ef347d2be0772e899c289b59ff150ebbbbe05dc61b1246eb4e0",
                "sha256:d566b82e92ff2e09dd6342df7e0eb4ff6275a3f08db284888dcd98134dbd4243",
                "sha256:d5b0ff9878333823226d270417f24f4d06f235cb3e54d1103b71ea537a6a86ce",
                "sha256:d6ee1aa7ab36475035eb48c01efae87d37936a8173fc4d7b10bb02c2d75dd8f6",
                "sha256:db38f80540083ea33bdab614a9d28bcec4b54daa5aff1668d7827a9fc769ae0a",
                "sha256:ea688d11707d30e212e0110a1aac7f7f3f542a259235d396f88be68b649e47d1",
                "sha256:f6327b6907b4cb72f650a5b7b1be23a2aab395017aa6f1adb13069d66360eb3f",
                "sha256:fb412b7db83fe56847df9c47b6fe3f13911b06339c2aa02dcc09dce8bbf582cd"
            ],
            "markers": "platform_machine == 'aarch64' or (platform_machine == 'ppc64le' or (platform_machine == 'x86_64' or (platform_machine == 'amd64' or (platform_machine == 'AMD64' or (platform_machine == 'win32' or platform_machine == 'WIN32')))))",
            "version": "==2.0.1"
        },
        "importlab": {
            "hashes": [
                "sha256:a009ccde7b549b16f3e6b034fea748febc8d45ded9e8a09370a8f994acfda25b",
                "sha256:b24b3aac3b073966ae42fb2d3a7764f3377b30bb72c0d411fe29134cc9276e86"
            ],
            "markers": "python_version >= '3.6'",
            "version": "==0.8"
        },
        "ipython": {
            "hashes": [
                "sha256:007dcd929c14631f83daff35df0147ea51d1af420da303fd078343878bd5fb62",
                "sha256:b0f2ef9eada4a68ef63ee10b6dde4f35c840035c50fd24265f8052c98947d5a4"
            ],
            "markers": "python_version >= '3.3'",
            "version": "==6.5.0"
        },
        "isort": {
            "hashes": [
                "sha256:49293e2ff590cc8d48bc1f51970548b5b102bf038439ca1af77f352164725628",
                "sha256:ba69a4be8474be11720636bc2f0cf66f7054d417d4c1dbc1dfe504bb8e739541"
            ],
            "index": "pypi",
            "version": "==4.3.19"
        },
        "jedi": {
            "hashes": [
                "sha256:203c1fd9d969ab8f2119ec0a3342e0b49910045abe6af0a3ae83a5764d54639e",
                "sha256:bae794c30d07f6d910d32a7048af09b5a39ed740918da923c6b780790ebac612"
            ],
            "markers": "python_version >= '3.6'",
            "version": "==0.18.2"
        },
        "munch": {
            "hashes": [
                "sha256:8fdb6c5cb8ea62611424ed71b4aa896851c6c53952872cbb7d6767dc34119e89",
                "sha256:b15f80b3ca99b9af0048215f9c81e718fdc6b2accecbcff573d12cddc90fd8c3"
            ],
            "version": "==2.5.1.dev12"
        },
        "mypy": {
            "hashes": [
                "sha256:2afe51527b1f6cdc4a5f34fc90473109b22bf7f21086ba3e9451857cf11489e6",
                "sha256:56a16df3e0abb145d8accd5dbb70eba6c4bd26e2f89042b491faa78c9635d1e2",
                "sha256:5764f10d27b2e93c84f70af5778941b8f4aa1379b2430f85c827e0f5464e8714",
                "sha256:5bbc86374f04a3aa817622f98e40375ccb28c4836f36b66706cf3c6ccce86eda",
                "sha256:6a9343089f6377e71e20ca734cd8e7ac25d36478a9df580efabfe9059819bf82",
                "sha256:6c9851bc4a23dc1d854d3f5dfd5f20a016f8da86bcdbb42687879bb5f86434b0",
                "sha256:b8e85956af3fcf043d6f87c91cbe8705073fc67029ba6e22d3468bfee42c4823",
                "sha256:b9a0af8fae490306bc112229000aa0c2ccc837b49d29a5c42e088c132a2334dd",
                "sha256:bbf643528e2a55df2c1587008d6e3bda5c0445f1240dfa85129af22ae16d7a9a",
                "sha256:c46ab3438bd21511db0f2c612d89d8344154c0c9494afc7fbc932de514cf8d15",
                "sha256:f7a83d6bd805855ef83ec605eb01ab4fa42bcef254b13631e451cbb44914a9b0"
            ],
            "index": "pypi",
            "version": "==0.701"
        },
        "mypy-extensions": {
            "hashes": [
                "sha256:090fedd75945a69ae91ce1303b5824f428daf5a028d2f6ab8a299250a846f15d",
                "sha256:2d82818f5bb3e369420cb3c4060a7970edba416647068eb4c5343488a6c604a8"
            ],
            "version": "==0.4.3"
        },
        "networkx": {
            "hashes": [
                "sha256:49c67cef45cb6e049684d327796a928c71bf7d04c094dea04ec99c0018325a10",
                "sha256:c5b1c2d94353395b2c5cb7214b34723a2f8a223ce38391ed9be44aba4bce64ca"
            ],
            "markers": "python_version >= '3.8'",
            "version": "==3.0rc1"
        },
        "ninja": {
            "hashes": [
                "sha256:1c474326e11fba3f8c2582715d79216292e327d3335367c0e87e9647a002cc4a",
                "sha256:3329b4b7c1694730772522a3ba0ba40fd15c012476ed3e1c9f0fd9e76190394e",
                "sha256:34753459493543782d87267e4cad63dd4639b07f8394ffe6d4417e9eda05c8a8",
                "sha256:3b28b595ed580752240ade7821b6cb7a5a4c6a604c865dc474bd38f06e2eb7f5",
                "sha256:4e547bc759c570773d83d110c41fd5ca9a94c0a9a8388f5a3ea37bdf97d002b0",
                "sha256:60179bb4f22c88279c53a5402bb5fe81c97c627a28d93c737d1fa067d892115d",
                "sha256:642cb64d859276998f14972724850e0c5b7febbc1bce3d2065b7e0cb7d3a0b79",
                "sha256:6f6465a7efe6473a2a34edab83633594de19d59406a727316e1367ebcc528908",
                "sha256:779f228e407c54a8b6e4cbf8f835489998dd250f67bf1b9bd7b8a8ab6bdcdc7b",
                "sha256:817e2aee2a4d28a708a67bcfba1817ae502c32c6d8ef80e50d63b0f23adf3a08",
                "sha256:a7a564fe755ddfbdbccb07b0b758e3f8460e5f8ba1adaab40a5eaa2f8c01ce68",
                "sha256:ba50a32424912e5f3ee40d791b506a160dc0eeda7de5ad8faebe7aa8006244dc",
                "sha256:c833a47d39b2d1eee3f9ca886fa1581efd5be6068b82734ac229961ee8748f90",
                "sha256:df11b8afea0501883e33faeb1c43d2ef67f466d5f4bd85f9c376e9a93a43a277",
                "sha256:edec1053e141253076b2df7ec03a246ff581e9270aa1ca9759397b21e2760e57",
                "sha256:f48c3c6eea204062f6bbf089dfc63e1ad41a08640e1da46ef2b30fa426f7ce23"
            ],
            "version": "==1.11.1"
        },
        "parso": {
            "hashes": [
                "sha256:8c07be290bb59f03588915921e29e8a50002acaf2cdc5fa0e0114f91709fafa0",
                "sha256:c001d4636cd3aecdaf33cbb40aebb59b094be2a74c556778ef5576c175e19e75"
            ],
            "markers": "python_version >= '3.6'",
            "version": "==0.8.3"
        },
        "pexpect": {
            "hashes": [
                "sha256:0b48a55dcb3c05f3329815901ea4fc1537514d6ba867a152b581d69ae3710937",
                "sha256:fc65a43959d153d0114afe13997d439c22823a27cefceb5ff35c2178c6784c0c"
            ],
            "markers": "sys_platform != 'win32'",
            "version": "==4.8.0"
        },
        "pickleshare": {
            "hashes": [
                "sha256:87683d47965c1da65cdacaf31c8441d12b8044cdec9aca500cd78fc2c683afca",
                "sha256:9649af414d74d4df115d5d718f82acb59c9d418196b7b4290ed47a12ce62df56"
            ],
            "version": "==0.7.5"
        },
        "prompt-toolkit": {
            "hashes": [
                "sha256:37925b37a4af1f6448c76b7606e0285f79f434ad246dda007a27411cca730c6d",
                "sha256:dd4fca02c8069497ad931a2d09914c6b0d1b50151ce876bc15bde4c747090126",
                "sha256:f7eec66105baf40eda9ab026cd8b2e251337eea8d111196695d82e0c5f0af852"
            ],
            "version": "==1.0.18"
        },
        "ptyprocess": {
            "hashes": [
                "sha256:4b41f3967fce3af57cc7e94b888626c18bf37a083e3651ca8feeb66d492fef35",
                "sha256:5c5d0a3b48ceee0b48485e0c26037c0acd7d29765ca3fbb5cb3831d347423220"
            ],
            "version": "==0.7.0"
        },
        "pydocstyle": {
            "hashes": [
                "sha256:2258f9b0df68b97bf3a6c29003edc5238ff8879f1efb6f1999988d934e432bd8",
                "sha256:5741c85e408f9e0ddf873611085e819b809fca90b619f5fd7f34bd4959da3dd4",
                "sha256:ed79d4ec5e92655eccc21eb0c6cf512e69512b4a97d215ace46d17e4990f2039"
            ],
            "index": "pypi",
            "version": "==3.0.0"
        },
        "pygments": {
            "hashes": [
                "sha256:56a8508ae95f98e2b9bdf93a6be5ae3f7d8af858b43e02c5a2ff083726be40c1",
                "sha256:f643f331ab57ba3c9d89212ee4a2dabc6e94f117cf4eefde99a0574720d14c42"
            ],
            "markers": "python_version >= '3.6'",
            "version": "==2.13.0"
        },
        "pyre-check": {
            "hashes": [
                "sha256:53092acb9667f3c349efef92c089c15b5c82ca5bddde20bc49eb01d16925aab6",
                "sha256:909429e5957a3d1934bf5e230461f56e3be02a3ec2d4a5a403d7fc8c8d201fa1"
            ],
            "index": "pypi",
            "version": "==0.0.26"
        },
        "pytype": {
            "hashes": [
                "sha256:d81eb26b3ab9f74c5327baae430289dbc04b531879860eee998513b10e6bcdbf"
            ],
            "index": "pypi",
            "version": "==2019.5.8"
        },
        "pywatchman": {
            "hashes": [
                "sha256:d0047eb275deafb0011eda0a1a815fbd9742478c3d2b5ad6956d300e447dc2f9"
            ],
            "version": "==1.4.1"
        },
        "pyyaml": {
            "hashes": [
                "sha256:01b45c0191e6d66c470b6cf1b9531a771a83c1c4208272ead47a3ae4f2f603bf",
                "sha256:0283c35a6a9fbf047493e3a0ce8d79ef5030852c51e9d911a27badfde0605293",
                "sha256:055d937d65826939cb044fc8c9b08889e8c743fdc6a32b33e2390f66013e449b",
                "sha256:07751360502caac1c067a8132d150cf3d61339af5691fe9e87803040dbc5db57",
                "sha256:0b4624f379dab24d3725ffde76559cff63d9ec94e1736b556dacdfebe5ab6d4b",
                "sha256:0ce82d761c532fe4ec3f87fc45688bdd3a4c1dc5e0b4a19814b9009a29baefd4",
                "sha256:1e4747bc279b4f613a09eb64bba2ba602d8a6664c6ce6396a4d0cd413a50ce07",
                "sha256:213c60cd50106436cc818accf5baa1aba61c0189ff610f64f4a3e8c6726218ba",
                "sha256:231710d57adfd809ef5d34183b8ed1eeae3f76459c18fb4a0b373ad56bedcdd9",
                "sha256:277a0ef2981ca40581a47093e9e2d13b3f1fbbeffae064c1d21bfceba2030287",
                "sha256:2cd5df3de48857ed0544b34e2d40e9fac445930039f3cfe4bcc592a1f836d513",
                "sha256:40527857252b61eacd1d9af500c3337ba8deb8fc298940291486c465c8b46ec0",
                "sha256:432557aa2c09802be39460360ddffd48156e30721f5e8d917f01d31694216782",
                "sha256:473f9edb243cb1935ab5a084eb238d842fb8f404ed2193a915d1784b5a6b5fc0",
                "sha256:48c346915c114f5fdb3ead70312bd042a953a8ce5c7106d5bfb1a5254e47da92",
                "sha256:50602afada6d6cbfad699b0c7bb50d5ccffa7e46a3d738092afddc1f9758427f",
                "sha256:68fb519c14306fec9720a2a5b45bc9f0c8d1b9c72adf45c37baedfcd949c35a2",
                "sha256:77f396e6ef4c73fdc33a9157446466f1cff553d979bd00ecb64385760c6babdc",
                "sha256:81957921f441d50af23654aa6c5e5eaf9b06aba7f0a19c18a538dc7ef291c5a1",
                "sha256:819b3830a1543db06c4d4b865e70ded25be52a2e0631ccd2f6a47a2822f2fd7c",
                "sha256:897b80890765f037df3403d22bab41627ca8811ae55e9a722fd0392850ec4d86",
                "sha256:98c4d36e99714e55cfbaaee6dd5badbc9a1ec339ebfc3b1f52e293aee6bb71a4",
                "sha256:9df7ed3b3d2e0ecfe09e14741b857df43adb5a3ddadc919a2d94fbdf78fea53c",
                "sha256:9fa600030013c4de8165339db93d182b9431076eb98eb40ee068700c9c813e34",
                "sha256:a80a78046a72361de73f8f395f1f1e49f956c6be882eed58505a15f3e430962b",
                "sha256:afa17f5bc4d1b10afd4466fd3a44dc0e245382deca5b3c353d8b757f9e3ecb8d",
                "sha256:b3d267842bf12586ba6c734f89d1f5b871df0273157918b0ccefa29deb05c21c",
                "sha256:b5b9eccad747aabaaffbc6064800670f0c297e52c12754eb1d976c57e4f74dcb",
                "sha256:bfaef573a63ba8923503d27530362590ff4f576c626d86a9fed95822a8255fd7",
                "sha256:c5687b8d43cf58545ade1fe3e055f70eac7a5a1a0bf42824308d868289a95737",
                "sha256:cba8c411ef271aa037d7357a2bc8f9ee8b58b9965831d9e51baf703280dc73d3",
                "sha256:d15a181d1ecd0d4270dc32edb46f7cb7733c7c508857278d3d378d14d606db2d",
                "sha256:d4b0ba9512519522b118090257be113b9468d804b19d63c71dbcf4a48fa32358",
                "sha256:d4db7c7aef085872ef65a8fd7d6d09a14ae91f691dec3e87ee5ee0539d516f53",
                "sha256:d4eccecf9adf6fbcc6861a38015c2a64f38b9d94838ac1810a9023a0609e1b78",
                "sha256:d67d839ede4ed1b28a4e8909735fc992a923cdb84e618544973d7dfc71540803",
                "sha256:daf496c58a8c52083df09b80c860005194014c3698698d1a57cbcfa182142a3a",
                "sha256:dbad0e9d368bb989f4515da330b88a057617d16b6a8245084f1b05400f24609f",
                "sha256:e61ceaab6f49fb8bdfaa0f92c4b57bcfbea54c09277b1b4f7ac376bfb7a7c174",
                "sha256:f84fbc98b019fef2ee9a1cb3ce93e3187a6df0b2538a651bfb890254ba9f90b5"
            ],
            "markers": "python_version >= '3.6'",
            "version": "==6.0"
        },
        "setuptools": {
            "hashes": [
                "sha256:57f6f22bde4e042978bcd50176fdb381d7c21a9efa4041202288d3737a0c6a54",
                "sha256:a7620757bf984b58deaf32fc8a4577a9bbc0850cf92c20e1ce41c38c19e5fb75"
            ],
            "markers": "python_version >= '3.7'",
            "version": "==65.6.3"
        },
        "simplegeneric": {
            "hashes": [
                "sha256:dc972e06094b9af5b855b3df4a646395e43d1c9d0d39ed345b7393560d0b9173"
            ],
            "version": "==0.8.1"
        },
        "six": {
            "hashes": [
                "sha256:1e61c37477a1626458e36f7b1d82aa5c9b094fa4802892072e49de9c60c4c926",
                "sha256:8abb2f1d86890a2dfb989f9a77cfcfd3e47c2a354b01111771326f8aa26e0254"
            ],
            "markers": "python_version >= '2.7' and python_version not in '3.0, 3.1, 3.2, 3.3'",
            "version": "==1.16.0"
        },
        "snowballstemmer": {
            "hashes": [
                "sha256:09b16deb8547d3412ad7b590689584cd0fe25ec8db3be37788be3810cbf19cb1",
                "sha256:c8e1716e83cc398ae16824e5572ae04e0d9fc2c6b985fb0f900f5f0c96ecba1a"
            ],
            "version": "==2.2.0"
        },
        "sqlalchemy": {
            "hashes": [
                "sha256:0133394aec83d88e65aee7e4e665223b0b96e5aac4ecf060475e0d3bb38e7e55",
                "sha256:02eb8f9519c7b91c34b169e2bd97c30dca215826710d6be784e54995d999cc3d",
                "sha256:07e12e63e98f34a1f529adc8931f7909148aca9809686e922f782f54e9d194fa",
                "sha256:0ab88dfd38bfd05b9c5e7ca685c4a41bc7a2ec7cd263e199679903d41ea0b08c",
                "sha256:0c60418ed2b9f27b4f47766994d5cfc43c812eb62e146660daf454965bd7a0b3",
                "sha256:0ff16ff5e943cdbd65242756d430df4c98bd9296f78fcf6e30eb8bee62d13ec2",
                "sha256:17fad5ba55f92fd1646aa7d97f96b635d50051ce33791e53d39b5310f87f189f",
                "sha256:1d08d4e48564b732f7372a2fce52bbdd558ae54b578a08648b5b27429582cc20",
                "sha256:1e15c629b7099ffb10e8cc27456b98d5a3759b6a5b0e6fc77fc8252565641a3d",
                "sha256:1f640d189c9a462550d6c6e1b23a29f98db0c7d2eb283867e28a22a9177d92d5",
                "sha256:28104b37cafe8c5f83c0831d2e057e7043501420b8853f9a731245c60a9dfd2e",
                "sha256:29bb560d8c4a53816d271275c1f76055c8aafe1a7c7582b0fe6f3de93feb26d0",
                "sha256:3192d9af656d0fc1b07351f0ac13a84bb679f40f918234e54cbcc36af11766fe",
                "sha256:343999f56ac5adf90c9e9b005470291862188308e49d51e453605f30b172938c",
                "sha256:35bc474ca96f9b0177bb81e24024a1390d7577930fab67f276987caeb860e35d",
                "sha256:38fe1e92798b6fd34891b86094814c6aeed81e2b4b1ee3311d5e85b1ba0c5dea",
                "sha256:3e8714aba7cd67b09f0c249e03fd1e244113e37f0e3320393f5d8a9574aeedc8",
                "sha256:40a166b7820b13667d72adaa46575bfb04f6dd417a1a07289fa7e94cdb2fb838",
                "sha256:47676ec13cd42affb087536e7445440e1f1c5445214496c2155bcba1c2493200",
                "sha256:49656ede1328954521278a16b176cf977ba681451dab49344f596d9c697fbe02",
                "sha256:4ed849702dd83f7db68b4380aa13cc9739b4656f13cb7de4e3a9f5884c92e0f7",
                "sha256:541caec6f148b8d8410adcc1d0db5cc24d39995446db237d390882bb9f256c5f",
                "sha256:57f405fe44cd3a7785a014c62369df138ea95dd3b2887090aad9b24ea093f6e6",
                "sha256:5bf749cb1bf707d5d9f8af78c4ebfd3b1e2e69eab46ab6f74a22720792302481",
                "sha256:5fb8d24020f7ae5f1b08f222eacd09643b7c63a0b385c64333a41e177351f12c",
                "sha256:68a584e37b2b582047ebf60d0975ef8f6f80cffa6221a392a73ee9bc46fa7c7e",
                "sha256:7c53cdf387bb9c52601e4266b47f8fda4c8cffbdb4169eccf50cc750e6f80d29",
                "sha256:86165070c4d0fa0d3a4fe57879ffc817d75cff23f73cf1f8f6fabaee31cb9b5c",
                "sha256:93457c593bb74d4cc5982a6f2b5f2719033232dd219f807caf5524419ae22981",
                "sha256:93ce5c23971ec0a021fd0aaab96be73053f2f7226849f1dd4b25e933a2493831",
                "sha256:a0661809504c2d4339f5f2fd5170537f43b2bdde71fa29e87bd9905a2cb5d490",
                "sha256:a37a7a4cea0dced9640b64a092380b811b1670b664ac95115e85536ff8cbae36",
                "sha256:bf6326ed3f973cb28271d3366fec7db18f3639f005f3febf4c1ec64c71404954",
                "sha256:c2ee253256330e9a6aed62c119b11ebbe7d65efe3e83cd8c43c35c719c1cfb83",
                "sha256:ccdcf866f4cab9487a845cb3ab7f6b3d81539af146481e9dd1a5c77c85a82d6a",
                "sha256:dc34366c5c802836b0160c087a6cf8dbbed810654fde1b7d4fa19a9c93ac179d",
                "sha256:dfb3aba32cc442324d29e293b2dfae2d5931ae9ca0a733d2cb9064190b14451b",
                "sha256:e572557e2f6ce617c3354e69e3f20772a6d1fa9375fb0a3a6559050f27c6f2b7",
                "sha256:f28ee1d4ada7493e1128f8ee9c2b0cacef19ca3d4b6ab52d6858eb9201fc71c5",
                "sha256:f755808766fe3084dbf6907da03182c4ad848ea36906a06f2ee2a6e06dfcc0b7",
                "sha256:fa434058577de8b2fa3f710afa147cbecc45929216e78802215bdd515a98e4de"
            ],
            "markers": "python_version >= '3.7'",
            "version": "==2.0.0b4"
        },
        "toml": {
            "hashes": [
                "sha256:229f81c57791a41d65e399fc06bf0848bab550a9dfd5ed66df18ce5f05e73d5c",
                "sha256:235682dd292d5899d361a811df37e04a8828a5b1da3115886b73cf81ebc9100e",
                "sha256:f1db651f9657708513243e61e6cc67d101a39bad662eaa9b5546f789338e07a3"
            ],
            "index": "pypi",
            "version": "==0.10.0"
        },
        "traitlets": {
            "hashes": [
                "sha256:10b6ed1c9cedee83e795db70a8b9c2db157bb3778ec4587a349ecb7ef3b1033b",
                "sha256:1410755385d778aed847d68deb99b3ba30fbbf489e17a1e8cbb753060d5cce73"
            ],
            "markers": "python_version >= '3.7'",
            "version": "==5.6.0"
        },
        "typed-ast": {
            "hashes": [
                "sha256:132eae51d6ef3ff4a8c47c393a4ef5ebf0d1aecc96880eb5d6c8ceab7017cc9b",
                "sha256:18141c1484ab8784006c839be8b985cfc82a2e9725837b0ecfa0203f71c4e39d",
                "sha256:2baf617f5bbbfe73fd8846463f5aeafc912b5ee247f410700245d68525ec584a",
                "sha256:3d90063f2cbbe39177e9b4d888e45777012652d6110156845b828908c51ae462",
                "sha256:4304b2218b842d610aa1a1d87e1dc9559597969acc62ce717ee4dfeaa44d7eee",
                "sha256:4983ede548ffc3541bae49a82675996497348e55bafd1554dc4e4a5d6eda541a",
                "sha256:5315f4509c1476718a4825f45a203b82d7fdf2a6f5f0c8f166435975b1c9f7d4",
                "sha256:6cdfb1b49d5345f7c2b90d638822d16ba62dc82f7616e9b4caa10b72f3f16649",
                "sha256:7b325f12635598c604690efd7a0197d0b94b7d7778498e76e0710cd582fd1c7a",
                "sha256:8d3b0e3b8626615826f9a626548057c5275a9733512b137984a68ba1598d3d2f",
                "sha256:8f8631160c79f53081bd23446525db0bc4c5616f78d04021e6e434b286493fd7",
                "sha256:912de10965f3dc89da23936f1cc4ed60764f712e5fa603a09dd904f88c996760",
                "sha256:b010c07b975fe853c65d7bbe9d4ac62f1c69086750a574f6292597763781ba18",
                "sha256:c908c10505904c48081a5415a1e295d8403e353e0c14c42b6d67f8f97fae6616",
                "sha256:c94dd3807c0c0610f7c76f078119f4ea48235a953512752b9175f9f98f5ae2bd",
                "sha256:ce65dee7594a84c466e79d7fb7d3303e7295d16a83c22c7c4037071b059e2c21",
                "sha256:eaa9cfcb221a8a4c2889be6f93da141ac777eb8819f077e1d09fb12d00a09a93",
                "sha256:f3376bc31bad66d46d44b4e6522c5c21976bf9bca4ef5987bb2bf727f4506cbb",
                "sha256:f9202fa138544e13a4ec1a6792c35834250a85958fde1251b6a22e07d1260ae7"
            ],
            "version": "==1.3.5"
        },
        "typing-extensions": {
            "hashes": [
                "sha256:1511434bb92bf8dd198c12b1cc812e800d4181cfcb867674e0f8279cc93087aa",
                "sha256:16fa4864408f655d35ec496218b85f79b3437c829e93320c7c9215ccfd92489e"
            ],
            "markers": "python_version >= '3.7'",
            "version": "==4.4.0"
        },
        "ujson": {
            "hashes": [
                "sha256:f66073e5506e91d204ab0c614a148d5aa938bdbf104751be66f8ad7a222f5f86"
            ],
            "version": "==1.35"
        },
        "wcwidth": {
            "hashes": [
                "sha256:beb4802a9cebb9144e99086eff703a642a13d6a0052920003a230f3294bbe784",
                "sha256:c4d647b99872929fdb7bdcaa4fbe7f01413ed3d98077df798530e5b04f116c83"
            ],
            "version": "==0.2.5"
        },
        "xxhash": {
            "hashes": [
                "sha256:09348353a81d58877f5894282ac610e38c8f707f5a4d7f227bd42aa02ccd1207",
                "sha256:0d5b8c59e6dc6492c50cbea231d3f9ce614222bc7f3ff24456fa1fd5db32a4d2",
                "sha256:147631a69867ade86b7116bb02c100941415bb84363cdfb7ca774dfc1f367a52",
                "sha256:1b9ededf6c73abea9e8b0fcf43c506c8cfcb5f7c5057eb8dbf4bfab55e378347",
                "sha256:1f631b4d3c1d73d1ba9a13960f4cdac1e7dafd15dbe14f078510663d954dfaaf",
                "sha256:26b95266dad99ff5ecac86f9bca5fc0b269fd77a785f353bab4180862d93bb70",
                "sha256:33e3c22b611d2935f8bc814fad99d1f19244843552af845913313c8e401403df",
                "sha256:4ca9dd7c1661dbe1fcb5b8c32d0f7fc8df867b470f8460292698adbc2c703461",
                "sha256:539a5e5c0e500930d86edc77dbcb54d751d54e61d41b87eb62cfd48f720abd46",
                "sha256:5be38fc141ec4b9925a0e931e8c64d6fee0fa3fa3432b0c15f72312d862c9f84",
                "sha256:5d9ac829454ea84ce9db2cfa16545c7dcdca92a8175ed90a8bb3ca5448510743",
                "sha256:609de1b5f737a7e0f169a16566c66aa65007d9ba4c63efda658eb3b46735c00c",
                "sha256:7e4db456dd7f00a549ac37b8e443b4996786253c5af93e93c3a7d9990720ccb0",
                "sha256:8362fb529a13dfbb40fa1695b215c06c343726f4bbc96a3baf6e05e919397a62",
                "sha256:8b0398edaae5eaffae1d73f724dfe40214f0617a944950a5eacea639566b0306",
                "sha256:8cd4ea448e470258fe365b1a186c3fb8056ef87290289aabd9279822125a0331",
                "sha256:8efc754cbfec49b788d99d520684117a8a0c333886abf765a3bc167ff56d186c",
                "sha256:93947f95f2c2dd708cc8a2f0a3b196ecaa86597df47f1c275c5e9cfb009e8669",
                "sha256:9996f9f22601e13c58604e641c031e7a917f5c44d1742ac5d80f90700182c273",
                "sha256:9cfb088f24f624572b9ee77adefe0e671ff1d290ff303540c5f06c1411b9e3ee",
                "sha256:b977de70a4d0bd8220d69aa76e1913c6878c9a24be5b3b3d8defff9aae1e8be8",
                "sha256:bca53b35bf58f1ef649616116dcd9bd45317b82da568e77c7b70ef54941360e5",
                "sha256:bda68ba4dd12852b0823bef1c269c2ce51275a7c07f8eb8631319ab0583f933b",
                "sha256:c29a6c532e9de676363c50500b26792085860e64afe7ed4f6e02680eaa88abbf",
                "sha256:d09977efe572a147864591bdbee403b8f5057c0b7b4a4f2432218d7681005518",
                "sha256:d1b4bb316fcd47c9e2d90c328542578058816b285afe089884cbce70f97594ae",
                "sha256:dc8cece6e5b99230905881d456b54b2748f4d048ba375b4bb27dce606cd70583",
                "sha256:fe21f23a9d05428c75461790b670f2bf15f50a632d6c171a7e7b588269c619e6"
            ],
            "markers": "python_version >= '2.6' and python_version not in '3.0, 3.1, 3.2, 3.3'",
            "version": "==1.3.0"
        }
    }
}
