{
    "_meta": {
        "hash": {
            "sha256": "931c3caf37b9979130999cb4f2c3b0a799c30939941802ebacc0b24e254b7d5c"
        },
        "pipfile-spec": 6,
        "requires": {},
        "sources": [
            {
                "name": "pypi",
                "url": "https://pypi.org/simple",
                "verify_ssl": true
            }
        ]
    },
    "default": {
        "certifi": {
            "hashes": [
                "sha256:59b7658e26ca9c7339e00f8f4636cdfe59d34fa37b9b04f6f9e9926b3cece1a5",
                "sha256:b26104d6835d1f5e49452a26eb2ff87fe7090b89dfcaee5ea2212697e1e1d7ae"
            ],
            "version": "==2019.3.9"
        },
        "chardet": {
            "hashes": [
                "sha256:84ab92ed1c4d4f16916e05906b6b75a6c0fb5db821cc65e70cbd64a3e2a5eaae",
                "sha256:fc323ffcaeaed0e0a02bf4d117757b98aed530d9ed4531e3e15460124c106691"
            ],
            "version": "==3.0.4"
        },
        "django": {
            "hashes": [
                "sha256:6fcc3cbd55b16f9a01f37de8bcbe286e0ea22e87096557f1511051780338eaea",
                "sha256:bb407d0bb46395ca1241f829f5bd03f7e482f97f7d1936e26e98dacb201ed4ec"
            ],
            "index": "pypi",
            "version": "==2.2.1"
        },
        "gunicorn": {
            "hashes": [
                "sha256:aa8e0b40b4157b36a5df5e599f45c9c76d6af43845ba3b3b0efe2c70473c2471",
                "sha256:fa2662097c66f920f53f70621c6c58ca4a3c4d3434205e608e121b5b3b71f4f3"
            ],
            "index": "pypi",
            "version": "==19.9.0"
        },
        "idna": {
            "hashes": [
                "sha256:c357b3f628cf53ae2c4c05627ecc484553142ca23264e593d327bcde5e9c3407",
                "sha256:ea8b7f6188e6fa117537c3df7da9fc686d485087abf6ac197f9c46432f7e4a3c"
            ],
            "version": "==2.8"
        },
        "isort": {
            "hashes": [
                "sha256:1349c6f7c2a0f7539f5f2ace51a9a8e4a37086ce4de6f78f5f53fb041d0a3cd5",
                "sha256:f09911f6eb114e5592abe635aded8bf3d2c3144ebcfcaf81ee32e7af7b7d1870"
            ],
            "index": "pypi",
            "version": "==4.3.18"
        },
        "pushbullet-py": {
            "hashes": [
                "sha256:784e4b1549e1312ed55c44ff9b8f7502987a5609f6d2511c1f4900c5b451ac19"
            ],
            "index": "pypi",
            "version": "==0.11.0"
        },
        "python-magic": {
            "hashes": [
                "sha256:f2674dcfad52ae6c49d4803fa027809540b130db1dec928cfbb9240316831375",
                "sha256:f3765c0f582d2dfc72c15f3b5a82aecfae9498bd29ca840d72f37d7bd38bfcd5"
            ],
            "version": "==0.4.15"
        },
        "pytz": {
            "hashes": [
                "sha256:303879e36b721603cc54604edcac9d20401bdbe31e1e4fdee5b9f98d5d31dfda",
                "sha256:d747dd3d23d77ef44c6a3526e274af6efeb0a6f1afd5a69ba4d5be4098c8e141"
            ],
            "version": "==2019.1"
        },
        "requests": {
            "hashes": [
                "sha256:502a824f31acdacb3a35b6690b5fbf0bc41d63a24a45c4004352b0242707598e",
                "sha256:7bf2a778576d825600030a110f3c0e3e8edc51dfaafe1c146e39a2027784957b"
            ],
            "version": "==2.21.0"
        },
        "six": {
            "hashes": [
                "sha256:3350809f0555b11f552448330d0b52d5f24c91a322ea4a15ef22629740f3761c",
                "sha256:d16a0141ec1a18405cd4ce8b4613101da75da0e9a7aec5bdd4fa804d0e0eba73"
            ],
            "version": "==1.12.0"
        },
        "sqlparse": {
            "hashes": [
                "sha256:40afe6b8d4b1117e7dff5504d7a8ce07d9a1b15aeeade8a2d10f130a834f8177",
                "sha256:7c3dca29c022744e95b547e867cee89f4fce4373f3549ccd8797d8eb52cdb873"
            ],
            "version": "==0.3.0"
        },
        "urllib3": {
            "hashes": [
                "sha256:2393a695cd12afedd0dcb26fe5d50d0cf248e5a66f75dbd89a3d4eb333a61af4",
                "sha256:a637e5fae88995b256e3409dc4d52c2e2e0ba32c42a6365fee8bbd2238de3cfb"
            ],
            "version": "==1.24.3"
        },
        "websocket-client": {
            "hashes": [
                "sha256:1151d5fb3a62dc129164292e1227655e4bbc5dd5340a5165dfae61128ec50aa9",
                "sha256:1fd5520878b68b84b5748bb30e592b10d0a91529d5383f74f4964e72b297fd3a"
            ],
            "version": "==0.56.0"
        }
    },
    "develop": {
        "appdirs": {
            "hashes": [
                "sha256:9e5896d1372858f8dd3344faf4e5014d21849c756c8d5701f78f8a103b372d92",
                "sha256:d8b24664561d0d34ddfaec54636d502d7cea6e29c3eaf68f3df6180863e2166e"
            ],
            "version": "==1.4.3"
        },
        "appnope": {
            "hashes": [
                "sha256:5b26757dc6f79a3b7dc9fab95359328d5747fcb2409d331ea66d0272b90ab2a0",
                "sha256:8b995ffe925347a2138d7ac0fe77155e4311a0ea6d6da4f5128fe4b3cbe5ed71"
            ],
            "markers": "sys_platform == 'darwin'",
            "version": "==0.1.0"
        },
        "attrs": {
            "hashes": [
                "sha256:69c0dbf2ed392de1cb5ec704444b08a5ef81680a61cb899dc08127123af36a79",
                "sha256:f0b870f674851ecbfbbbd364d6b5cbdff9dcedbc7f3f5e18a6891057f21fe399"
            ],
            "version": "==19.1.0"
        },
        "backcall": {
            "hashes": [
                "sha256:38ecd85be2c1e78f77fd91700c76e14667dc21e2713b63876c0eb901196e01e4",
                "sha256:bbbf4b1e5cd2bdb08f915895b51081c041bac22394fdfcfdfbe9f14b77c08bf2"
            ],
            "version": "==0.1.0"
        },
        "black": {
            "hashes": [
                "sha256:09a9dcb7c46ed496a9850b76e4e825d6049ecd38b611f1224857a79bd985a8cf",
                "sha256:68950ffd4d9169716bcb8719a56c07a2f4485354fec061cdd5910aa07369731c"
            ],
            "index": "pypi",
            "version": "==19.3b0"
        },
        "click": {
            "hashes": [
                "sha256:2335065e6395b9e67ca716de5f7526736bfa6ceead690adf616d925bdc622b13",
                "sha256:5b94b49521f6456670fdb30cd82a4eca9412788a93fa6dd6df72c94d5a8ff2d7"
            ],
            "version": "==7.0"
        },
        "click-log": {
            "hashes": [
                "sha256:16fd1ca3fc6b16c98cea63acf1ab474ea8e676849dc669d86afafb0ed7003124",
                "sha256:eee14dc37cdf3072158570f00406572f9e03e414accdccfccd4c538df9ae322c"
            ],
            "version": "==0.3.2"
        },
        "decorator": {
            "hashes": [
                "sha256:86156361c50488b84a3f148056ea716ca587df2f0de1d34750d35c21312725de",
                "sha256:f069f3a01830ca754ba5258fde2278454a0b5b79e0d7f5c13b3b97e57d4acff6"
            ],
            "version": "==4.4.0"
        },
        "importlab": {
            "hashes": [
                "sha256:ab3a0bf77a326de577e3c7f643ec304f83fed93cb1056638560d832413d6e736"
            ],
            "version": "==0.5"
        },
        "ipython": {
            "hashes": [
                "sha256:007dcd929c14631f83daff35df0147ea51d1af420da303fd078343878bd5fb62",
                "sha256:b0f2ef9eada4a68ef63ee10b6dde4f35c840035c50fd24265f8052c98947d5a4"
            ],
            "version": "==6.5.0"
        },
        "ipython-genutils": {
            "hashes": [
                "sha256:72dd37233799e619666c9f639a9da83c34013a73e8bbc79a7a6348d93c61fab8",
                "sha256:eb2e116e75ecef9d4d228fdc66af54269afa26ab4463042e33785b887c628ba8"
            ],
            "version": "==0.2.0"
        },
        "jedi": {
            "hashes": [
                "sha256:2bb0603e3506f708e792c7f4ad8fc2a7a9d9c2d292a358fbbd58da531695595b",
                "sha256:2c6bcd9545c7d6440951b12b44d373479bf18123a401a52025cf98563fbd826c"
            ],
            "version": "==0.13.3"
        },
        "munch": {
            "hashes": [
                "sha256:6ae3d26b837feacf732fb8aa5b842130da1daf221f5af9f9d4b2a0a6414b0d51"
            ],
            "version": "==2.3.2"
        },
        "mypy": {
            "hashes": [
                "sha256:2afe51527b1f6cdc4a5f34fc90473109b22bf7f21086ba3e9451857cf11489e6",
                "sha256:56a16df3e0abb145d8accd5dbb70eba6c4bd26e2f89042b491faa78c9635d1e2",
                "sha256:5764f10d27b2e93c84f70af5778941b8f4aa1379b2430f85c827e0f5464e8714",
                "sha256:5bbc86374f04a3aa817622f98e40375ccb28c4836f36b66706cf3c6ccce86eda",
                "sha256:6a9343089f6377e71e20ca734cd8e7ac25d36478a9df580efabfe9059819bf82",
                "sha256:6c9851bc4a23dc1d854d3f5dfd5f20a016f8da86bcdbb42687879bb5f86434b0",
                "sha256:b8e85956af3fcf043d6f87c91cbe8705073fc67029ba6e22d3468bfee42c4823",
                "sha256:b9a0af8fae490306bc112229000aa0c2ccc837b49d29a5c42e088c132a2334dd",
                "sha256:bbf643528e2a55df2c1587008d6e3bda5c0445f1240dfa85129af22ae16d7a9a",
                "sha256:c46ab3438bd21511db0f2c612d89d8344154c0c9494afc7fbc932de514cf8d15",
                "sha256:f7a83d6bd805855ef83ec605eb01ab4fa42bcef254b13631e451cbb44914a9b0"
            ],
            "index": "pypi",
            "version": "==0.701"
        },
        "mypy-extensions": {
            "hashes": [
                "sha256:37e0e956f41369209a3d5f34580150bcacfabaa57b33a15c0b25f4b5725e0812",
                "sha256:b16cabe759f55e3409a7d231ebd2841378fb0c27a5d1994719e340e4f429ac3e"
            ],
            "version": "==0.4.1"
        },
        "networkx": {
            "hashes": [
                "sha256:8311ddef63cf5c5c5e7c1d0212dd141d9a1fe3f474915281b73597ed5f1d4e3d"
            ],
            "version": "==2.3"
        },
        "ninja": {
            "hashes": [
                "sha256:082a4a6ed220a96c125b67ca5789de43a93b68c37e514b054ff4cca020cb770a",
                "sha256:1a546669ae2da47dad8cc85a9346a740c33ebf9047c1fad13b017f0cb37371e6",
                "sha256:1cd35f0ddf23d7acf79ffbdba7e8681f9d50e4a7b090997507c436006d56583b",
                "sha256:3e41bdaa990c93331aead5d0ded71af6f9caa7ee082bb9d4ebac2358f68698d5",
                "sha256:440cc8111cb1e336913882d23ab09395c4596f2f255e53db6fc7090056f1a354",
                "sha256:48c68607504aafa044182d4970ad6148b3cf636541e28a9775005c8415240ff0",
                "sha256:50246c22d80c1c57a1e52b3460b74cf7e6e347cd85751c0fbe007aa0c6bc3e32",
                "sha256:68b16cec53872e26da82ca1004cb389fda70c91e96c0ed165840ddde7d7396ef",
                "sha256:724f8992c95420140c5a4c996242887ce317ec2530f9b856da14d209836a5058",
                "sha256:75967e64fb10e04ca256e5b9f4c324ab8ab4d9bea708fdab50308c3fd4d4f397",
                "sha256:77830f061d46f844812a1a259f91292c415059e33f002972ab1934837fa35160",
                "sha256:78c840ef1c94507956dac8810282cade2b139f0fda44c2f4706522415b990816",
                "sha256:95ab95e074d260a36d46d0fc871062908169e67748482d42a7b52be07fff4e7a",
                "sha256:9c1b4d23089702996ace23b6f2ab2db87aaa01c684064e9845d15b378813f43b",
                "sha256:9d8749376f9c612b379857480b0883d3f3e6a02cb8a390206dfce91c583c7b40",
                "sha256:a4719deffd981e4969c01b30a3023c4b62b9287ca55b771a456e46ae44a03530",
                "sha256:a9b3bdaafc80e0faf6d0ad2800e83bb1183abf40c7c5cf0f8b853dc6bd710c77",
                "sha256:c9e2b6c11faf61161a3fbb23cc0555ec5558f3f2c4fed33cb87c3d398ac527a7",
                "sha256:cb1f4f4da96f9959f47518617e2a0185c125d929368d0ac31047ad549f624af5",
                "sha256:dc0921874e6a66cf9bab33988731ee85b277ded685334c47e3d37f80667caef7",
                "sha256:e055fee84e74e6732d26694be150c9787332ec3ee2a2dac58f6b53964cad51b3",
                "sha256:e06afb13dcc9a0df29e302ad5189bf3c7648842436ed68dc009d0a04fceab353",
                "sha256:e324b9320402a78fa45975aa36b7f255cedb57be32f912b13c032355b4851fd9",
                "sha256:e4b07c04a117b8f7d3157fd45451b0a233371471bc61a1bcf554b263b45bcc54",
                "sha256:f66e5ee063df446a656d2441fe07f28f94c4ec8bf943c80b30aabe434f52c322",
                "sha256:f878af6c826ccb7edf1cf3ed12cd317c7ed6ac699047ae0f148a78f5e445a984",
                "sha256:f951f6439bcdcc45a08218bc04f4d88451f74e0c08614dcc0d64e9a5b053bf6e",
                "sha256:ff8d9a5000e4d3099bc2c7b54385f2a4ff895b3b3c5b747ba1ebbd7511b4d4fa"
            ],
            "version": "==1.9.0"
        },
        "parso": {
            "hashes": [
                "sha256:17cc2d7a945eb42c3569d4564cdf49bde221bc2b552af3eca9c1aad517dcdd33",
                "sha256:2e9574cb12e7112a87253e14e2c380ce312060269d04bd018478a3c92ea9a376"
            ],
            "version": "==0.4.0"
        },
        "pexpect": {
            "hashes": [
                "sha256:2094eefdfcf37a1fdbfb9aa090862c1a4878e5c7e0e7e7088bdb511c558e5cd1",
                "sha256:9e2c1fd0e6ee3a49b28f95d4b33bc389c89b20af6a1255906e90ff1262ce62eb"
            ],
            "markers": "sys_platform != 'win32'",
            "version": "==4.7.0"
        },
        "pickleshare": {
            "hashes": [
                "sha256:87683d47965c1da65cdacaf31c8441d12b8044cdec9aca500cd78fc2c683afca",
                "sha256:9649af414d74d4df115d5d718f82acb59c9d418196b7b4290ed47a12ce62df56"
            ],
            "version": "==0.7.5"
        },
        "prompt-toolkit": {
            "hashes": [
                "sha256:1e71341526efa4b11bb44d323e687a5d9cef204aabe2907e3f0dc1534cda0ecc",
                "sha256:955d81315bb7a049f19cd17d1a73f1a40861483260f7dffd825e98303a8bd6b6",
                "sha256:c1cedd626e08b8ee830ee65897de754113ff3f3035880030c08b01674d85c5b4"
            ],
            "version": "==1.0.16"
        },
        "ptyprocess": {
            "hashes": [
                "sha256:923f299cc5ad920c68f2bc0bc98b75b9f838b93b599941a6b63ddbc2476394c0",
                "sha256:d7cc528d76e76342423ca640335bd3633420dc1366f258cb31d05e865ef5ca1f"
            ],
            "version": "==0.6.0"
        },
        "pygments": {
            "hashes": [
                "sha256:5ffada19f6203563680669ee7f53b64dabbeb100eb51b61996085e99c03b284a",
                "sha256:e8218dd399a61674745138520d0d4cf2621d7e032439341bc3f647bff125818d"
            ],
            "version": "==2.3.1"
        },
        "pyre-check": {
            "hashes": [
                "sha256:53092acb9667f3c349efef92c089c15b5c82ca5bddde20bc49eb01d16925aab6",
                "sha256:909429e5957a3d1934bf5e230461f56e3be02a3ec2d4a5a403d7fc8c8d201fa1"
            ],
            "index": "pypi",
            "version": "==0.0.26"
        },
        "pytype": {
            "hashes": [
                "sha256:3596fd06c403f76ab21a75b9a2f6486708a45df2e466bfd95e78845e3595df54"
            ],
            "index": "pypi",
            "version": "==2019.5.6"
        },
        "pywatchman": {
            "hashes": [
                "sha256:d0047eb275deafb0011eda0a1a815fbd9742478c3d2b5ad6956d300e447dc2f9"
            ],
            "version": "==1.4.1"
        },
        "pyyaml": {
            "hashes": [
                "sha256:1adecc22f88d38052fb787d959f003811ca858b799590a5eaa70e63dca50308c",
                "sha256:436bc774ecf7c103814098159fbb84c2715d25980175292c648f2da143909f95",
                "sha256:460a5a4248763f6f37ea225d19d5c205677d8d525f6a83357ca622ed541830c2",
                "sha256:5a22a9c84653debfbf198d02fe592c176ea548cccce47553f35f466e15cf2fd4",
                "sha256:7a5d3f26b89d688db27822343dfa25c599627bc92093e788956372285c6298ad",
                "sha256:9372b04a02080752d9e6f990179a4ab840227c6e2ce15b95e1278456664cf2ba",
                "sha256:a5dcbebee834eaddf3fa7366316b880ff4062e4bcc9787b78c7fbb4a26ff2dd1",
                "sha256:aee5bab92a176e7cd034e57f46e9df9a9862a71f8f37cad167c6fc74c65f5b4e",
                "sha256:c51f642898c0bacd335fc119da60baae0824f2cde95b0330b56c0553439f0673",
                "sha256:c68ea4d3ba1705da1e0d85da6684ac657912679a649e8868bd850d2c299cce13",
                "sha256:e23d0cc5299223dcc37885dae624f382297717e459ea24053709675a976a3e19"
            ],
            "version": "==5.1"
        },
        "simplegeneric": {
            "hashes": [
                "sha256:dc972e06094b9af5b855b3df4a646395e43d1c9d0d39ed345b7393560d0b9173"
            ],
            "version": "==0.8.1"
        },
        "six": {
            "hashes": [
                "sha256:3350809f0555b11f552448330d0b52d5f24c91a322ea4a15ef22629740f3761c",
                "sha256:d16a0141ec1a18405cd4ce8b4613101da75da0e9a7aec5bdd4fa804d0e0eba73"
            ],
            "version": "==1.12.0"
        },
        "sqlalchemy": {
            "hashes": [
                "sha256:91c54ca8345008fceaec987e10924bf07dcab36c442925357e5a467b36a38319"
            ],
            "version": "==1.3.3"
        },
        "toml": {
            "hashes": [
                "sha256:229f81c57791a41d65e399fc06bf0848bab550a9dfd5ed66df18ce5f05e73d5c",
                "sha256:235682dd292d5899d361a811df37e04a8828a5b1da3115886b73cf81ebc9100e"
            ],
            "version": "==0.10.0"
        },
        "traitlets": {
            "hashes": [
                "sha256:9c4bd2d267b7153df9152698efb1050a5d84982d3384a37b2c1f7723ba3e7835",
                "sha256:c6cb5e6f57c5a9bdaa40fa71ce7b4af30298fbab9ece9815b5d995ab6217c7d9"
            ],
            "version": "==4.3.2"
        },
        "typed-ast": {
            "hashes": [
                "sha256:132eae51d6ef3ff4a8c47c393a4ef5ebf0d1aecc96880eb5d6c8ceab7017cc9b",
                "sha256:18141c1484ab8784006c839be8b985cfc82a2e9725837b0ecfa0203f71c4e39d",
                "sha256:2baf617f5bbbfe73fd8846463f5aeafc912b5ee247f410700245d68525ec584a",
                "sha256:3d90063f2cbbe39177e9b4d888e45777012652d6110156845b828908c51ae462",
                "sha256:4304b2218b842d610aa1a1d87e1dc9559597969acc62ce717ee4dfeaa44d7eee",
                "sha256:4983ede548ffc3541bae49a82675996497348e55bafd1554dc4e4a5d6eda541a",
                "sha256:5315f4509c1476718a4825f45a203b82d7fdf2a6f5f0c8f166435975b1c9f7d4",
                "sha256:6cdfb1b49d5345f7c2b90d638822d16ba62dc82f7616e9b4caa10b72f3f16649",
                "sha256:7b325f12635598c604690efd7a0197d0b94b7d7778498e76e0710cd582fd1c7a",
                "sha256:8d3b0e3b8626615826f9a626548057c5275a9733512b137984a68ba1598d3d2f",
                "sha256:8f8631160c79f53081bd23446525db0bc4c5616f78d04021e6e434b286493fd7",
                "sha256:912de10965f3dc89da23936f1cc4ed60764f712e5fa603a09dd904f88c996760",
                "sha256:b010c07b975fe853c65d7bbe9d4ac62f1c69086750a574f6292597763781ba18",
                "sha256:c908c10505904c48081a5415a1e295d8403e353e0c14c42b6d67f8f97fae6616",
                "sha256:c94dd3807c0c0610f7c76f078119f4ea48235a953512752b9175f9f98f5ae2bd",
                "sha256:ce65dee7594a84c466e79d7fb7d3303e7295d16a83c22c7c4037071b059e2c21",
                "sha256:eaa9cfcb221a8a4c2889be6f93da141ac777eb8819f077e1d09fb12d00a09a93",
                "sha256:f3376bc31bad66d46d44b4e6522c5c21976bf9bca4ef5987bb2bf727f4506cbb",
                "sha256:f9202fa138544e13a4ec1a6792c35834250a85958fde1251b6a22e07d1260ae7"
            ],
            "version": "==1.3.5"
        },
        "ujson": {
            "hashes": [
                "sha256:f66073e5506e91d204ab0c614a148d5aa938bdbf104751be66f8ad7a222f5f86"
            ],
            "version": "==1.35"
        },
        "wcwidth": {
            "hashes": [
                "sha256:3df37372226d6e63e1b1e1eda15c594bca98a22d33a23832a90998faa96bc65e",
                "sha256:f4ebe71925af7b40a864553f761ed559b43544f8f71746c2d756c7fe788ade7c"
            ],
            "version": "==0.1.7"
        },
        "xxhash": {
            "hashes": [
                "sha256:09348353a81d58877f5894282ac610e38c8f707f5a4d7f227bd42aa02ccd1207",
                "sha256:0d5b8c59e6dc6492c50cbea231d3f9ce614222bc7f3ff24456fa1fd5db32a4d2",
                "sha256:147631a69867ade86b7116bb02c100941415bb84363cdfb7ca774dfc1f367a52",
                "sha256:1b9ededf6c73abea9e8b0fcf43c506c8cfcb5f7c5057eb8dbf4bfab55e378347",
                "sha256:1f631b4d3c1d73d1ba9a13960f4cdac1e7dafd15dbe14f078510663d954dfaaf",
                "sha256:26b95266dad99ff5ecac86f9bca5fc0b269fd77a785f353bab4180862d93bb70",
                "sha256:33e3c22b611d2935f8bc814fad99d1f19244843552af845913313c8e401403df",
                "sha256:4ca9dd7c1661dbe1fcb5b8c32d0f7fc8df867b470f8460292698adbc2c703461",
                "sha256:539a5e5c0e500930d86edc77dbcb54d751d54e61d41b87eb62cfd48f720abd46",
                "sha256:5be38fc141ec4b9925a0e931e8c64d6fee0fa3fa3432b0c15f72312d862c9f84",
                "sha256:5d9ac829454ea84ce9db2cfa16545c7dcdca92a8175ed90a8bb3ca5448510743",
                "sha256:609de1b5f737a7e0f169a16566c66aa65007d9ba4c63efda658eb3b46735c00c",
                "sha256:7e4db456dd7f00a549ac37b8e443b4996786253c5af93e93c3a7d9990720ccb0",
                "sha256:8362fb529a13dfbb40fa1695b215c06c343726f4bbc96a3baf6e05e919397a62",
                "sha256:8b0398edaae5eaffae1d73f724dfe40214f0617a944950a5eacea639566b0306",
                "sha256:8cd4ea448e470258fe365b1a186c3fb8056ef87290289aabd9279822125a0331",
                "sha256:8efc754cbfec49b788d99d520684117a8a0c333886abf765a3bc167ff56d186c",
                "sha256:93947f95f2c2dd708cc8a2f0a3b196ecaa86597df47f1c275c5e9cfb009e8669",
                "sha256:9996f9f22601e13c58604e641c031e7a917f5c44d1742ac5d80f90700182c273",
                "sha256:9cfb088f24f624572b9ee77adefe0e671ff1d290ff303540c5f06c1411b9e3ee",
                "sha256:b977de70a4d0bd8220d69aa76e1913c6878c9a24be5b3b3d8defff9aae1e8be8",
                "sha256:bca53b35bf58f1ef649616116dcd9bd45317b82da568e77c7b70ef54941360e5",
                "sha256:bda68ba4dd12852b0823bef1c269c2ce51275a7c07f8eb8631319ab0583f933b",
                "sha256:c29a6c532e9de676363c50500b26792085860e64afe7ed4f6e02680eaa88abbf",
                "sha256:d09977efe572a147864591bdbee403b8f5057c0b7b4a4f2432218d7681005518",
                "sha256:d1b4bb316fcd47c9e2d90c328542578058816b285afe089884cbce70f97594ae",
                "sha256:dc8cece6e5b99230905881d456b54b2748f4d048ba375b4bb27dce606cd70583",
                "sha256:fe21f23a9d05428c75461790b670f2bf15f50a632d6c171a7e7b588269c619e6"
            ],
            "version": "==1.3.0"
        }
    }
}
